
Microsoft Visual Studio Solution File, Format Version 12.00
# Visual Studio 2012
Project("{8BC9CEB8-8B4A-11D0-8D11-00A0C91BC942}") = "lophura", "Lophura\Lophura.vcxproj", "{3E930117-C236-4A66-BBCA-DA8627603B60}"
EndProject
Project("{2150E333-8FDC-42A3-9474-1A3956D46DE8}") = "sample", "sample", "{5E6FBB70-88DE-40E3-80B2-077C969F11D3}"
EndProject
Project("{8BC9CEB8-8B4A-11D0-8D11-00A0C91BC942}") = "trangles", "trangles\trangles.vcxproj", "{418DAECF-C183-4958-B4C2-43D4A9FB09C1}"
EndProject
Project("{8BC9CEB8-8B4A-11D0-8D11-00A0C91BC942}") = "sample_app", "sample_app\sample_app.vcxproj", "{4AD50DE5-7501-4466-A662-C2E1EF8696DB}"
EndProject
Project("{8BC9CEB8-8B4A-11D0-8D11-00A0C91BC942}") = "lophura_base", "lophura_base\lophura_base.vcxproj", "{1941B09E-502E-4B30-A4A3-092A9E612BA1}"
EndProject
Global
	GlobalSection(SolutionConfigurationPlatforms) = preSolution
		Debug|Win32 = Debug|Win32
		Release|Win32 = Release|Win32
	EndGlobalSection
	GlobalSection(ProjectConfigurationPlatforms) = postSolution
		{3E930117-C236-4A66-BBCA-DA8627603B60}.Debug|Win32.ActiveCfg = Debug|Win32
		{3E930117-C236-4A66-BBCA-DA8627603B60}.Debug|Win32.Build.0 = Debug|Win32
		{3E930117-C236-4A66-BBCA-DA8627603B60}.Release|Win32.ActiveCfg = Release|Win32
		{3E930117-C236-4A66-BBCA-DA8627603B60}.Release|Win32.Build.0 = Release|Win32
		{418DAECF-C183-4958-B4C2-43D4A9FB09C1}.Debug|Win32.ActiveCfg = Debug|Win32
		{418DAECF-C183-4958-B4C2-43D4A9FB09C1}.Debug|Win32.Build.0 = Debug|Win32
		{418DAECF-C183-4958-B4C2-43D4A9FB09C1}.Release|Win32.ActiveCfg = Release|Win32
		{418DAECF-C183-4958-B4C2-43D4A9FB09C1}.Release|Win32.Build.0 = Release|Win32
		{4AD50DE5-7501-4466-A662-C2E1EF8696DB}.Debug|Win32.ActiveCfg = Debug|Win32
		{4AD50DE5-7501-4466-A662-C2E1EF8696DB}.Debug|Win32.Build.0 = Debug|Win32
		{4AD50DE5-7501-4466-A662-C2E1EF8696DB}.Release|Win32.ActiveCfg = Release|Win32
		{4AD50DE5-7501-4466-A662-C2E1EF8696DB}.Release|Win32.Build.0 = Release|Win32
		{1941B09E-502E-4B30-A4A3-092A9E612BA1}.Debug|Win32.ActiveCfg = Debug|Win32
		{1941B09E-502E-4B30-A4A3-092A9E612BA1}.Debug|Win32.Build.0 = Debug|Win32
		{1941B09E-502E-4B30-A4A3-092A9E612BA1}.Release|Win32.ActiveCfg = Release|Win32
		{1941B09E-502E-4B30-A4A3-092A9E612BA1}.Release|Win32.Build.0 = Release|Win32
	EndGlobalSection
	GlobalSection(SolutionProperties) = preSolution
		HideSolutionNode = FALSE
	EndGlobalSection
	GlobalSection(NestedProjects) = preSolution
		{418DAECF-C183-4958-B4C2-43D4A9FB09C1} = {5E6FBB70-88DE-40E3-80B2-077C969F11D3}
		{4AD50DE5-7501-4466-A662-C2E1EF8696DB} = {5E6FBB70-88DE-40E3-80B2-077C969F11D3}
	EndGlobalSection
EndGlobal
